
Microsoft Visual Studio Solution File, Format Version 12.00
# Visual Studio Version 17
VisualStudioVersion = 17.6.33723.286
MinimumVisualStudioVersion = 10.0.40219.1
Project("{8BC9CEB8-8B4A-11D0-8D11-00A0C91BC942}") = "ConsoleApplication2TEST", "ConsoleApplication2TEST.vcxproj", "{58764B93-6761-4FEB-9310-D3D62B54526D}"
EndProject
Global
	GlobalSection(SolutionConfigurationPlatforms) = preSolution
		Debug|x64 = Debug|x64
		Debug|x86 = Debug|x86
		Release|x64 = Release|x64
		Release|x86 = Release|x86
	EndGlobalSection
	GlobalSection(ProjectConfigurationPlatforms) = postSolution
		{58764B93-6761-4FEB-9310-D3D62B54526D}.Debug|x64.ActiveCfg = Debug|x64
		{58764B93-6761-4FEB-9310-D3D62B54526D}.Debug|x64.Build.0 = Debug|x64
		{58764B93-6761-4FEB-9310-D3D62B54526D}.Debug|x86.ActiveCfg = Debug|Win32
		{58764B93-6761-4FEB-9310-D3D62B54526D}.Debug|x86.Build.0 = Debug|Win32
		{58764B93-6761-4FEB-9310-D3D62B54526D}.Release|x64.ActiveCfg = Release|x64
		{58764B93-6761-4FEB-9310-D3D62B54526D}.Release|x64.Build.0 = Release|x64
		{58764B93-6761-4FEB-9310-D3D62B54526D}.Release|x86.ActiveCfg = Release|Win32
		{58764B93-6761-4FEB-9310-D3D62B54526D}.Release|x86.Build.0 = Release|Win32
	EndGlobalSection
	GlobalSection(SolutionProperties) = preSolution
		HideSolutionNode = FALSE
	EndGlobalSection
	GlobalSection(ExtensibilityGlobals) = postSolution
		SolutionGuid = {EA6ABFCF-4E4A-435B-BDFE-21BF7DD16FF8}
	EndGlobalSection
EndGlobal
